lockfileVersion: '9.0'

settings:
  autoInstallPeers: true
  excludeLinksFromLockfile: false

importers:

  .:
    dependencies:
      '@types/jquery':
        specifier: 3.3.31
        version: 3.3.31
      '@types/react':
        specifier: 15.6.28
        version: 15.6.28
      '@types/react-dom':
        specifier: 15.5.11
        version: 15.5.11
      jquery:
        specifier: 3.5.0
        version: 3.5.0
      mobx:
        specifier: 3.4.1
        version: 3.4.1
      mobx-react:
        specifier: 4.3.5
        version: 4.3.5(mobx@3.4.1)(react@0.14.9)
      onchange:
        specifier: 6.1.0
        version: 6.1.0
      prettier:
        specifier: 1.19.1
        version: 1.19.1
      react:
        specifier: 0.14.9
        version: 0.14.9
      react-dom:
        specifier: 0.14.9
        version: 0.14.9(react@0.14.9)
      ts-loader:
        specifier: 3.1.1
        version: 3.1.1
      ts-node:
        specifier: 4.0.1
        version: 4.0.1
      typescript:
        specifier: 2.6.2
        version: 2.6.2

packages:

  '@blakeembrey/deque@1.0.5':
    resolution: {integrity: sha512-6xnwtvp9DY1EINIKdTfvfeAtCYw4OqBZJhtiqkT3ivjnEfa25VQ3TsKvaFfKm8MyGIEfE95qLe+bNEt3nB0Ylg==}

  '@types/arrify@1.0.4':
    resolution: {integrity: sha512-63nK8r8jvEVJ1r0ENaY9neB1wDzPHFYAzKiIxPawuzcijEX8XeOywwPL8fkSCwiTIYop9MSh+TKy9L2ZzTXV6g==}

  '@types/diff@3.5.8':
    resolution: {integrity: sha512-CZ5vepL87+M8PxRIvJjR181Erahch2w7Jev/XJm+Iot/SOvJh8QqH/N79b+vsKtYF6fFzoPieiiq2c5tzmXR9A==}

  '@types/jquery@3.3.31':
    resolution: {integrity: sha512-Lz4BAJihoFw5nRzKvg4nawXPzutkv7wmfQ5121avptaSIXlDNJCUuxZxX/G+9EVidZGuO0UBlk+YjKbwRKJigg==}

  '@types/minimist@1.2.5':
    resolution: {integrity: sha512-hov8bUuiLiyFPGyFPE1lwWhmzYbirOXQNNo40+y3zow8aFVTeyn3VWL0VFFfdNddA8S4Vf0Tc062rzyNr7Paag==}

  '@types/mkdirp@0.5.2':
    resolution: {integrity: sha512-U5icWpv7YnZYGsN4/cmh3WD2onMY0aJIiTE6+51TwJCttdHvtCYmkBNOobHlXwrJRL0nkH9jH4kD+1FAdMN4Tg==}

  '@types/node@8.10.66':
    resolution: {integrity: sha512-tktOkFUA4kXx2hhhrB8bIFb5TbwzS4uOhKEmwiD+NoiL0qtP2OQ9mFldbgD4dV1djrlBYP6eBuQZiWjuHUpqFw==}

  '@types/react-dom@15.5.11':
    resolution: {integrity: sha512-+CET7DejuzSdHA28vx27Rl1Wd/edgRkCmEsLXVLBjnGaEoLee6JGZBhU7Mmvo3+qMOcPXp8ZT5X1+qX3VlWIUw==}

  '@types/react@15.6.28':
    resolution: {integrity: sha512-xqkECNDgjbHK2Ak99XRaK07pBq8jpbnpxfY8MNSaSbQxzksX782ALRuU6J9zjKI5PmJdRTYOLfa4KjnJYxmHfw==}

  '@types/sizzle@2.3.8':
    resolution: {integrity: sha512-0vWLNK2D5MT9dg0iOo8GlKguPAU02QjmZitPEsXRuJXU/OGIOt9vT9Fc26wtYuavLxtO45v9PGleoL9Z0k1LHg==}

  '@types/source-map-support@0.4.2':
    resolution: {integrity: sha512-GbGWx39O8NdUHSChdrU0XeigBAgu1Teg3llwE0slSVcH2qISaQT70ftAiH+h4HIt3VIObFU34PSpXIKJuXCybQ==}

  '@types/strip-bom@3.0.0':
    resolution: {integrity: sha512-xevGOReSYGM7g/kUBZzPqCrR/KYAo+F0yiPc85WFTJa0MSLtyFTVTU6cJu/aV4mid7IffDIWqo69THF2o4JiEQ==}

  '@types/strip-json-comments@0.0.30':
    resolution: {integrity: sha512-7NQmHra/JILCd1QqpSzl8+mJRc8ZHz3uDm8YV1Ks9IhK0epEiTw8aIErbvH9PI+6XbqhyIQy3462nEsn7UVzjQ==}

  '@types/v8flags@git+https://git@github.com:types/npm-v8flags.git#de224ae1cd5fd7dbb4e7158a6cc7a29e5315930d':
    resolution: {commit: de224ae1cd5fd7dbb4e7158a6cc7a29e5315930d, repo: git@github.com:types/npm-v8flags.git, type: git}
    version: 2.0.0

  '@types/yn@git+https://git@github.com:types/npm-yn.git#ca75f6c82940fae6a06fb41d2d37a6aa9b4ea8e9':
    resolution: {commit: ca75f6c82940fae6a06fb41d2d37a6aa9b4ea8e9, repo: git@github.com:types/npm-yn.git, type: git}
    version: 2.0.0

  acorn@5.7.4:
    resolution: {integrity: sha512-1D++VG7BhrtvQpNbBzovKNc1FLGGEE/oGe7b9xJm/RFHMBeUaUGpluV9RLjZa47YFdPcDAenEYuq9pQPcMdLJg==}
    engines: {node: '>=0.4.0'}
    hasBin: true

  amdefine@1.0.1:
    resolution: {integrity: sha512-S2Hw0TtNkMJhIabBwIojKL9YHO5T0n5eNqWJ7Lrlel/zDbftQpxpapi8tZs3X1HWa+u+QeydGmzzNU0m09+Rcg==}
    engines: {node: '>=0.4.2'}

  ansi-styles@3.2.1:
    resolution: {integrity: sha512-VT0ZI6kZRdTh8YyJw3SMbYm/u+NqfsAxEpWO0Pf9sq8/e94WxxOpPKx9FR1FlyCtOVDNOQ+8ntlqFxiRc+r5qA==}
    engines: {node: '>=4'}

  anymatch@3.1.3:
    resolution: {integrity: sha512-KMReFUr0B4t+D+OBkjR3KYqvocp2XaSzO55UcB6mgQMd3KbcE+mWTyvVV7D/zsdEbNnV6acZUutkiHQXvTr1Rw==}
    engines: {node: '>= 8'}

  arrify@1.0.1:
    resolution: {integrity: sha512-3CYzex9M9FGQjCGMGyi6/31c8GJbgb0qGyrx5HWxPd0aCwh4cB2YjMb2Xf9UuoogrMrlO9cTqnB5rI5GHZTcUA==}
    engines: {node: '>=0.10.0'}

  arrify@2.0.1:
    resolution: {integrity: sha512-3duEwti880xqi4eAMN8AyR4a0ByT90zoYdLlevfrvU43vb0YZwZVfxOgxWrLXXXpyugL0hNZc9G6BiB5B3nUug==}
    engines: {node: '>=8'}

  asap@2.0.6:
    resolution: {integrity: sha512-BSHWgDSAiKs50o2Re8ppvp3seVHXSRM44cdSsT9FfNEUUZLOGWVCsiWaRPWM1Znn+mqZ1OfVZ3z3DWEzSp7hRA==}

  ast-types@0.9.6:
    resolution: {integrity: sha512-qEdtR2UH78yyHX/AUNfXmJTlM48XoFZKBdwi1nzkI1mJL21cmbu0cvjxjpkXJ5NENMq42H+hNs8VLJcqXLerBQ==}
    engines: {node: '>= 0.8'}

  balanced-match@1.0.2:
    resolution: {integrity: sha512-3oSeUO0TMV67hN1AmbXsK4yaqU7tjiHlbxRDZOpH0KW9+CeX4bRAaX0Anxt0tx2MrpRpWwQaPwIlISEJhYU5Pw==}

  base62@1.2.8:
    resolution: {integrity: sha512-V6YHUbjLxN1ymqNLb1DPHoU1CpfdL7d2YTIp5W3U4hhoG4hhxNmsFDs66M9EXxBiSEke5Bt5dwdfMwwZF70iLA==}

  big.js@5.2.2:
    resolution: {integrity: sha512-vyL2OymJxmarO8gxMr0mhChsO9QGwhynfuu4+MHTAW6czfq9humCB7rKpUjDd9YUiDPU4mzpyupFSvOClAwbmQ==}

  binary-extensions@2.3.0:
    resolution: {integrity: sha512-Ceh+7ox5qe7LJuLHoY0feh3pHuUDHAcRUeyL2VYghZwfpkNIy/+8Ocg0a3UuSoYzavmylwuLWQOf3hl0jjMMIw==}
    engines: {node: '>=8'}

  brace-expansion@1.1.11:
    resolution: {integrity: sha512-iCuPHDFgrHX7H2vEI/5xpz07zSHB00TpugqhmYtVmMO6518mCuRMoOYFldEBl0g187ufozdaHgWKcYFb61qGiA==}

  braces@3.0.3:
    resolution: {integrity: sha512-yQbXgO/OSZVD2IsiLlro+7Hf6Q18EJrKSEsdoMzKePKXct3gvD8oLcOQdIzGupr5Fj+EDe8gO/lxc1BzfMpxvA==}
    engines: {node: '>=8'}

  buffer-from@1.1.2:
    resolution: {integrity: sha512-E+XQCRwSbaaiChtv6k6Dwgc+bx+Bs6vuKJHHl5kox/BaKbhiXzqQOwK4cO22yElGp2OCmjwVhT3HmxgyPGnJfQ==}

  chalk@2.4.2:
    resolution: {integrity: sha512-Mti+f9lpJNcwF4tWV8/OrTTtF1gZi+f8FqlyAdouralcFWFQWF2+NgCHShjkCb+IFBLq9buZwE1xckQU4peSuQ==}
    engines: {node: '>=4'}

  chokidar@3.6.0:
    resolution: {integrity: sha512-7VT13fmjotKpGipCW9JEQAusEPE+Ei8nl6/g4FBAmIm0GOOLMua9NDDo/DWp0ZAxCr3cPq5ZpBqmPAQgDda2Pw==}
    engines: {node: '>= 8.10.0'}

  color-convert@1.9.3:
    resolution: {integrity: sha512-QfAUtd+vFdAtFQcC8CCyYt1fYWxSqAiK2cSD6zDB8N3cpsEBAvRxp9zOGg6G/SHHJYAT88/az/IuDGALsNVbGg==}

  color-name@1.1.3:
    resolution: {integrity: sha512-72fSenhMw2HZMTVHeCA9KCmpEIbzWiQsjN+BHcBbS9vr1mtt+vJjPdksIBNUmKAW8TFUDPJK5SUU3QhE9NEXDw==}

  commander@2.20.3:
    resolution: {integrity: sha512-GpVkmM8vF2vQUkj2LvZmD35JxeJOLCwJ9cUkugyk2nuhbv3+mJvpLYYt+0+USMxE+oj+ey/lJEnhZw75x/OMcQ==}

  commoner@0.10.8:
    resolution: {integrity: sha512-3/qHkNMM6o/KGXHITA14y78PcfmXh4+AOCJpSoF73h4VY1JpdGv3CHMS5+JW6SwLhfJt4RhNmLAa7+RRX/62EQ==}
    engines: {node: '>= 0.8'}
    hasBin: true

  concat-map@0.0.1:
    resolution: {integrity: sha512-/Srv4dswyQNBfohGpz9o6Yb3Gz3SrUDqBH5rTuhGR7ahtlbYKnVxw2bCFMRljaA7EXHaXZ8wsHdodFvbkhKmqg==}

  core-js@1.2.7:
    resolution: {integrity: sha512-ZiPp9pZlgxpWRu0M+YWbm6+aQ84XEfH1JRXvfOc/fILWI0VKhLC2LX13X1NYq4fULzLMq7Hfh43CSo2/aIaUPA==}
    deprecated: core-js@<3.23.3 is no longer maintained and not recommended for usage due to the number of issues. Because of the V8 engine whims, feature detection in old core-js versions could cause a slowdown up to 100x even if nothing is polyfilled. Some versions have web compatibility issues. Please, upgrade your dependencies to the actual version of core-js.

  core-util-is@1.0.3:
    resolution: {integrity: sha512-ZQBvi1DcpJ4GDqanjucZ2Hj3wEO5pZDS89BWbkcrvdxksJorwUDDZamX9ldFkp9aw2lmBDLgkObEA4DWNJ9FYQ==}

  cross-spawn@6.0.5:
    resolution: {integrity: sha512-eTVLrBSt7fjbDygz805pMnstIs2VTBNkRm0qxZd+M7A5XDdxVRWO5MxGBXZhjY4cqLYLdtrGqRf8mBPmzwSpWQ==}
    engines: {node: '>=4.8'}

  defined@1.0.1:
    resolution: {integrity: sha512-hsBd2qSVCRE+5PmNdHt1uzyrFu5d3RwmFDKzyNZMFq/EwDNJF7Ee5+D5oEKF0hU6LhtoUF1macFvOe4AskQC1Q==}

  detective@4.7.1:
    resolution: {integrity: sha512-H6PmeeUcZloWtdt4DAkFyzFL94arpHr3NOwwmVILFiy+9Qd4JTxxXrzfyGk/lmct2qVGBwTSwSXagqu2BxmWig==}

  diff@3.5.0:
    resolution: {integrity: sha512-A46qtFgd+g7pDZinpnwiRJtxbC1hpgf0uzP3iG89scHk0AUC7A1TGxf5OiiOUv/JMZR8GOt8hL900hV0bOy5xA==}
    engines: {node: '>=0.3.1'}

  emojis-list@3.0.0:
    resolution: {integrity: sha512-/kyM18EfinwXZbno9FyUGeFh87KC8HRQBQGildHZbEuRyWFOmv1U10o9BBp8XVZDVNNuQKyIGIu5ZYAAXJ0V2Q==}
    engines: {node: '>= 4'}

  enhanced-resolve@3.4.1:
    resolution: {integrity: sha512-ZaAux1rigq1e2nQrztHn4h2ugvpzZxs64qneNah+8Mh/K0CRqJFJc+UoXnUsq+1yX+DmQFPPdVqboKAJ89e0Iw==}
    engines: {node: '>=4.3.0 <5.0.0 || >=5.10'}

  envify@3.4.1:
    resolution: {integrity: sha512-XLiBFsLtNF0MOZl+vWU59yPb3C2JtrQY2CNJn22KH75zPlHWY5ChcAQuf4knJeWT/lLkrx3sqvhP/J349bt4Bw==}
    hasBin: true

  errno@0.1.8:
    resolution: {integrity: sha512-dJ6oBr5SQ1VSd9qkk7ByRgb/1SH4JZjCHSW/mr63/QcXO9zLVxvJ6Oy13nio03rxpSnVDDjFor75SjVeZWPW/A==}
    hasBin: true

  escape-string-regexp@1.0.5:
    resolution: {integrity: sha512-vbRorB5FUQWvla16U8R/qgaFIya2qGzwDrNmCZuYKrbdSUMG6I1ZCGQRefkRVhuOkIGVne7BQ35DSfo1qvJqFg==}
    engines: {node: '>=0.8.0'}

  esprima-fb@15001.1.0-dev-harmony-fb:
    resolution: {integrity: sha512-59dDGQo2b3M/JfKIws0/z8dcXH2mnVHkfSPRhCYS91JNGfGNwr7GsSF6qzWZuOGvw5Ii0w9TtylrX07MGmlOoQ==}
    engines: {node: '>=0.4.0'}
    hasBin: true

  esprima@3.1.3:
    resolution: {integrity: sha512-AWwVMNxwhN8+NIPQzAQZCm7RkLC4RbM3B1OobMuyp3i+w73X57KCKaVIxaRZb+DYCojq7rspo+fmuQfAboyhFg==}
    engines: {node: '>=4'}
    hasBin: true

  fbjs@0.6.1:
    resolution: {integrity: sha512-4KW7tT33ytfazK3Ekvesbsa4A5J79hUrdXONQGZ0wM6i3PFc70YknF9kj1eyx3mDupgJ7Z+ifFhcMJ+ps2eZIw==}

  fill-range@7.1.1:
    resolution: {integrity: sha512-YsGpe3WHLK8ZYi4tWDg2Jy3ebRz2rXowDxnld4bkQB00cc/1Zw9AWnC0i9ztDJitivtQvaI9KaLyKrc+hBW0yg==}
    engines: {node: '>=8'}

  fsevents@2.3.3:
    resolution: {integrity: sha512-5xoDfX+fL7faATnagmWPpbFtwh/R77WmMMqqHGS65C3vvB0YHrgF+B1YmZ3441tMj5n63k0212XNoJwzlhffQw==}
    engines: {node: ^8.16.0 || ^10.6.0 || >=11.0.0}
    os: [darwin]

  glob-parent@5.1.2:
    resolution: {integrity: sha512-AOIgSQCepiJYwP3ARnGx+5VnTu2HBYdzbGP45eLw1vr3zB3vZLeyed1sC9hnbcOc9/SrMyM5RPQrkGz4aS9Zow==}
    engines: {node: '>= 6'}

  glob@5.0.15:
    resolution: {integrity: sha512-c9IPMazfRITpmAAKi22dK1VKxGDX9ehhqfABDriL/lzO92xcUKEJPQHrVA/2YHSNFB4iFlykVmWvwo48nr3OxA==}
    deprecated: Glob versions prior to v9 are no longer supported

  graceful-fs@4.2.11:
    resolution: {integrity: sha512-RbJ5/jmFcNNCcDV5o9eTnBLJ/HszWV0P73bc+Ff4nS/rJj+YaS6IGyiOL0VoBYX+l1Wrl3k63h/KrH+nhJ0XvQ==}

  has-flag@3.0.0:
    resolution: {integrity: sha512-sKJf1+ceQBr4SMkvQnBDNDtf4TXpVhVGateu0t918bl30FnbE2m4vNLX+VWe/dpjlb+HugGYzW7uQXH98HPEYw==}
    engines: {node: '>=4'}

  has-flag@4.0.0:
    resolution: {integrity: sha512-EykJT/Q1KjTWctppgIAgfSO0tKVuZUjhgMr17kqTumMl6Afv3EISleU7qZUzoXDFTAHTDC4NOoG/ZxU3EvlMPQ==}
    engines: {node: '>=8'}

  hoist-non-react-statics@2.5.5:
    resolution: {integrity: sha512-rqcy4pJo55FTTLWt+bU8ukscqHeE/e9KWvsOW2b/a3afxQZhwkQdT1rPPCJ0rYXdj4vNcasY8zHTH+jF/qStxw==}

  homedir-polyfill@1.0.3:
    resolution: {integrity: sha512-eSmmWE5bZTK2Nou4g0AI3zZ9rswp7GRKoKXS1BLUkvPviOqs4YTN1djQIqrXy9k5gEtdLPy86JjRwsNM9tnDcA==}
    engines: {node: '>=0.10.0'}

  iconv-lite@0.4.24:
    resolution: {integrity: sha512-v3MXnZAcvnywkTUEZomIActle7RXXeedOR31wwl7VlyoXO4Qi9arvSenNQWne1TcRwhCL1HwLI21bEqdpj8/rA==}
    engines: {node: '>=0.10.0'}

  ignore@5.3.1:
    resolution: {integrity: sha512-5Fytz/IraMjqpwfd34ke28PTVMjZjJG2MPn5t7OE4eUCUNf8BAa7b5WUS9/Qvr6mwOQS7Mk6vdsMno5he+T8Xw==}
    engines: {node: '>= 4'}

  inflight@1.0.6:
    resolution: {integrity: sha512-k92I/b08q4wvFscXCLvqfsHCrjrF7yiXsQuIVvVE7N82W3+aqpzuUdBbfhWcy/FZR3/4IgflMgKLOsvPDrGCJA==}
    deprecated: This module is not supported, and leaks memory. Do not use it. Check out lru-cache if you want a good and tested way to coalesce async requests by a key value, which is much more comprehensive and powerful.

  inherits@2.0.4:
    resolution: {integrity: sha512-k/vGaX4/Yla3WzyMCvTQOXYeIHvqOKtnqBduzTHpzpQZzAskKMhZ2K+EnBiSM9zGSoIFeMpXKxa4dYeZIQqewQ==}

  is-binary-path@2.1.0:
    resolution: {integrity: sha512-ZMERYes6pDydyuGidse7OsHxtbI7WVeUEozgR/g7rd0xUimYNlvZRE/K2MgZTjWy725IfelLeVcEM97mmtRGXw==}
    engines: {node: '>=8'}

  is-extglob@2.1.1:
    resolution: {integrity: sha512-SbKbANkN603Vi4jEZv49LeVJMn4yGwsbzZworEoyEiutsN3nJYdbO36zfhGJ6QEDpOZIFkDtnq5JRxmvl3jsoQ==}
    engines: {node: '>=0.10.0'}

  is-glob@4.0.3:
    resolution: {integrity: sha512-xelSayHH36ZgE7ZWhli7pW34hNbNl8Ojv5KVmkJD4hBdD3th8Tfk9vYasLM+mXWOZhFkgZfxhLSnrwRr4elSSg==}
    engines: {node: '>=0.10.0'}

  is-number@7.0.0:
    resolution: {integrity: sha512-41Cifkg6e8TylSpdtTpeLVMqvSBEVzTttHvERD741+pnZ8ANv0004MRL43QKPDlK9cGvNp6NZWZUBlbGXYxxng==}
    engines: {node: '>=0.12.0'}

  isarray@1.0.0:
    resolution: {integrity: sha512-VLghIWNM6ELQzo7zwmcg0NmTVyWKYjvIeM83yjp0wRDTmUnrM678fQbcKBo6n2CJEF0szoG//ytg+TKla89ALQ==}

  isexe@2.0.0:
    resolution: {integrity: sha512-RHxMLp9lnKHGHRng9QFhRCMbYAcVpn69smSGcq3f36xjgVVWThj4qqLbTLlq7Ssj8B+fIQ1EuCEGI2lKsyQeIw==}

  jquery@3.5.0:
    resolution: {integrity: sha512-Xb7SVYMvygPxbFMpTFQiHh1J7HClEaThguL15N/Gg37Lri/qKyhRGZYzHRyLH8Stq3Aow0LsHO2O2ci86fCrNQ==}

  js-tokens@4.0.0:
    resolution: {integrity: sha512-RdJUflcE3cUzKiMqQgsCu06FPu9UdIJO0beYbPhHN4k6apgJtifcoCtT9bcxOpYBtpD2kCM6Sbzg4CausW/PKQ==}

  json5@1.0.2:
    resolution: {integrity: sha512-g1MWMLBiz8FKi1e4w0UyVL3w+iJceWAFBAaBnnGKOpNa5f8TLktkbre1+s6oICydWAm+HRUGTmI+//xv2hvXYA==}
    hasBin: true

  jstransform@11.0.3:
    resolution: {integrity: sha512-LGm87w0A8E92RrcXt94PnNHkFqHmgDy3mKHvNZOG7QepKCTCH/VB6S+IEN+bT4uLN3gVpOT0vvOOVd96osG71g==}
    engines: {node: '>=0.8.8'}
    hasBin: true

  loader-utils@1.4.2:
    resolution: {integrity: sha512-I5d00Pd/jwMD2QCduo657+YM/6L3KZu++pmX9VFncxaxvHcru9jx1lBaFft+r4Mt2jK0Yhp41XlRAihzPxHNCg==}
    engines: {node: '>=4.0.0'}

  loose-envify@1.4.0:
    resolution: {integrity: sha512-lyuxPGr/Wfhrlem2CL/UcnUc1zcqKAImBDzukY7Y5F/yQiNdko6+fRLevlw1HgMySw7f611UIY408EtxRSoK3Q==}
    hasBin: true

  make-error@1.3.6:
    resolution: {integrity: sha512-s8UhlNe7vPKomQhC1qFelMokr/Sc3AgNbso3n74mVPA5LTZwkB9NlXf4XPamLxJE8h0gh73rM94xvwRT2CVInw==}

  memory-fs@0.4.1:
    resolution: {integrity: sha512-cda4JKCxReDXFXRqOHPQscuIYg1PvxbE2S2GP45rnwfEK+vZaXC8C1OFvdHIbgw0DLzowXGVoxLaAmlgRy14GQ==}

  minimatch@3.1.2:
    resolution: {integrity: sha512-J7p63hRiAjw1NDEww1W7i37+ByIrOWO5XQQAzZ3VOcL0PNybwpfmV/N05zFAzwQ9USyEcX6t3UO+K5aqBQOIHw==}

  minimist@1.2.8:
    resolution: {integrity: sha512-2yyAR8qBkN3YuheJanUpWC5U3bb5osDywNB8RzDVlDwDHbocAJveqqj1u8+SVD7jkWT4yvsHCpWqqWqAxb0zCA==}

  mkdirp@0.5.6:
    resolution: {integrity: sha512-FP+p8RB8OWpF3YZBCrP5gtADmtXApB5AMLn+vdyA+PyxCjrCs00mjyUozssO33cwDeT3wNGdLxJ5M//YqtHAJw==}
    hasBin: true

  mobx-react@4.3.5:
    resolution: {integrity: sha512-6fcnrBBjcQWIVpwSFLJulKcrTMjkyN0I2wGjR2mP4TPJAsfEDEZzMza55VvGPv1YWJBx1vI81xedVjKpkj9P4A==}
    peerDependencies:
      mobx: ^2.6.3 || ^3.0.0
      react: ^0.13.0 || ^0.14.0 || ^15.0.0 || ^16.0.0

  mobx@3.4.1:
    resolution: {integrity: sha512-KLTG+qb7BdNp55VxVL9Iw5c9pqXdJnoygmWr032nRYc2KxI9O3LgmvLNkH9Me8XzFZJQggPYyxW5881WgXxxig==}

  nice-try@1.0.5:
    resolution: {integrity: sha512-1nh45deeb5olNY7eX82BkPO7SSxR5SSYJiPTrTdFUVYwAl8CKMA5N9PjTYkHiRjisVcxcQ1HXdLhx2qxxJzLNQ==}

  normalize-path@3.0.0:
    resolution: {integrity: sha512-6eZs5Ls3WtCisHWp9S2GUy8dqkpGi4BVSz3GaqiE6ezub0512ESztXUwUB6C6IKbQkY2Pnb/mD4WYojCRwcwLA==}
    engines: {node: '>=0.10.0'}

  object-assign@2.1.1:
    resolution: {integrity: sha512-CdsOUYIh5wIiozhJ3rLQgmUTgcyzFwZZrqhkKhODMoGtPKM+wt0h0CNIoauJWMsS9822EdzPsF/6mb4nLvPN5g==}
    engines: {node: '>=0.10.0'}

  object-assign@4.1.1:
    resolution: {integrity: sha512-rJgTQnkUnH1sFw8yT6VSU3zD3sWmu6sZhIseY8VX+GRu3P6F7Fu+JNDoXfklElbLJSnc3FUQHVe4cU5hj+BcUg==}
    engines: {node: '>=0.10.0'}

  once@1.4.0:
    resolution: {integrity: sha512-lNaJgI+2Q5URQBkccEKHTQOPaXdUxnZZElQTZY0MFUAuaEqe1E+Nyvgdz/aIyNi6Z9MzO5dv1H8n58/GELp3+w==}

  onchange@6.1.0:
    resolution: {integrity: sha512-T0wvi3yzNd+Lut2ymJp2e6fTiob0TLrXnjqGaiK9MAFB8MYo/k/ZClx6ps7YhTtQ88dDm+hDHmtJXP1nJT5WNA==}
    hasBin: true

  parse-passwd@1.0.0:
    resolution: {integrity: sha512-1Y1A//QUXEZK7YKz+rD9WydcE1+EuPr6ZBgKecAB8tmoW6UFv0NREVJe1p+jRxtThkcbbKkfwIbWJe/IeE6m2Q==}
    engines: {node: '>=0.10.0'}

  path-is-absolute@1.0.1:
    resolution: {integrity: sha512-AVbw3UJ2e9bq64vSaS9Am0fje1Pa8pbGqTTsmXfaIiMpnr5DlDhfJOuLj9Sf95ZPVDAUerDfEk88MPmPe7UCQg==}
    engines: {node: '>=0.10.0'}

  path-key@2.0.1:
    resolution: {integrity: sha512-fEHGKCSmUSDPv4uoj8AlD+joPlq3peND+HRYyxFz4KPw4z926S/b8rIuFs2FYJg3BwsxJf6A9/3eIdLaYC+9Dw==}
    engines: {node: '>=4'}

  picomatch@2.3.1:
    resolution: {integrity: sha512-JU3teHTNjmE2VCGFzuY8EXzCDVwEqB2a8fsIvwaStHhAWJEeVd1o1QD80CU6+ZdEXXSLbSsuLwJjkCBWqRQUVA==}
    engines: {node: '>=8.6'}

  prettier@1.19.1:
    resolution: {integrity: sha512-s7PoyDv/II1ObgQunCbB9PdLmUcBZcnWOcxDh7O0N/UwDEsHyqkW+Qh28jW+mVuCdx7gLB0BotYI1Y6uI9iyew==}
    engines: {node: '>=4'}
    hasBin: true

  private@0.1.8:
    resolution: {integrity: sha512-VvivMrbvd2nKkiG38qjULzlc+4Vx4wm/whI9pQD35YrARNnhxeiRktSOhSukRLFNlzg6Br/cJPet5J/u19r/mg==}
    engines: {node: '>= 0.6'}

  process-nextick-args@2.0.1:
    resolution: {integrity: sha512-3ouUOpQhtgrbOa17J7+uxOTpITYWaGP7/AhoR3+A+/1e9skrzelGi/dXzEYyvbxubEF6Wn2ypscTKiKJFFn1ag==}

  promise@7.3.1:
    resolution: {integrity: sha512-nolQXZ/4L+bP/UGlkfaIujX9BKxGwmQ9OT4mOt5yvy8iK1h3wqTEJCijzGANTCCl9nWjY41juyAn2K3Q1hLLTg==}

  prr@1.0.1:
    resolution: {integrity: sha512-yPw4Sng1gWghHQWj0B3ZggWUm4qVbPwPFcRG8KyxiU7J2OHFSoEHKS+EZ3fv5l1t9CyCiop6l/ZYeWbrgoQejw==}

  q@1.5.1:
    resolution: {integrity: sha512-kV/CThkXo6xyFEZUugw/+pIOywXcDbFYgSct5cT3gqlbkBE1SJdwy6UQoZvodiWF/ckQLZyDE/Bu1M6gVu5lVw==}
    engines: {node: '>=0.6.0', teleport: '>=0.2.0'}

  react-dom@0.14.9:
    resolution: {integrity: sha512-/RICyeMecwC6tO6cx5OT7P7v8nTXWRjFF0nGtSgLbJ4sX7cICTPAO1bnCCQsT37MxLG7x/7KKuXKFAyiS8fr7Q==}
    peerDependencies:
      react: ^0.14.9

  react@0.14.9:
    resolution: {integrity: sha512-X4U9NShyynSMSS345m3e+fWAWfMjt+FvBJq6qfcwj1uq7oPFukmIHninQ7LVyUV25P/9PRCtnzWt2/bJKytabw==}
    engines: {node: '>=0.10.0'}

  readable-stream@2.3.8:
    resolution: {integrity: sha512-8p0AUk4XODgIewSi0l8Epjs+EVnWiK7NoDIEGU0HhE7+ZyY8D1IMY7odu5lRrFXGg71L15KG8QrPmum45RTtdA==}

  readdirp@3.6.0:
    resolution: {integrity: sha512-hOS089on8RduqdbhvQ5Z37A0ESjsqz6qnRcffsMU3495FuTdqSm+7bhJ29JvIOsBDEEnan5DPu9t3To9VRlMzA==}
    engines: {node: '>=8.10.0'}

  recast@0.11.23:
    resolution: {integrity: sha512-+nixG+3NugceyR8O1bLU45qs84JgI3+8EauyRZafLgC9XbdAOIVgwV1Pe2da0YzGo62KzWoZwUpVEQf6qNAXWA==}
    engines: {node: '>= 0.8'}

  safe-buffer@5.1.2:
    resolution: {integrity: sha512-Gd2UZBJDkXlY7GbJxfsE8/nvKkUEU1G38c1siN6QP6a9PT9MmHB8GnpscSmMJSoF8LOIrt8ud/wPtojys4G6+g==}

  safer-buffer@2.1.2:
    resolution: {integrity: sha512-YZo3K82SD7Riyi0E1EQPojLz7kpepnSQI9IyPbHHg1XXXevb5dJI7tpyN2ADxGcQbHG7vcyRHk0cbwqcQriUtg==}

  semver@5.7.2:
    resolution: {integrity: sha512-cBznnQ9KjJqU67B52RMC65CMarK2600WFnbkcaiwWq3xy/5haFJlshgnpjovMVJ+Hff49d8GEn0b87C5pDQ10g==}
    hasBin: true

  shebang-command@1.2.0:
    resolution: {integrity: sha512-EV3L1+UQWGor21OmnvojK36mhg+TyIKDh3iFBKBohr5xeXIhNBcx8oWdgkTEEQ+BEFFYdLRuqMfd5L84N1V5Vg==}
    engines: {node: '>=0.10.0'}

  shebang-regex@1.0.0:
    resolution: {integrity: sha512-wpoSFAxys6b2a2wHZ1XpDSgD7N9iVjg29Ph9uV/uaP9Ex/KXlkTZTeddxDPSYQpgvzKLGJke2UU0AzoGCjNIvQ==}
    engines: {node: '>=0.10.0'}

  source-map-support@0.5.21:
    resolution: {integrity: sha512-uBHU3L3czsIyYXKX88fdrGovxdSCoTGDRZ6SYXtSRxLZUzHg5P/66Ht6uoUlHu9EZod+inXhKo3qQgwXUT/y1w==}

  source-map@0.4.4:
    resolution: {integrity: sha512-Y8nIfcb1s/7DcobUz1yOO1GSp7gyL+D9zLHDehT7iRESqGSxjJ448Sg7rvfgsRJCnKLdSl11uGf0s9X80cH0/A==}
    engines: {node: '>=0.8.0'}

  source-map@0.5.7:
    resolution: {integrity: sha512-LbrmJOMUSdEVxIKvdcJzQC+nQhe8FUZQTXQy6+I75skNgn3OoQ0DZA8YnFa7gp8tqtL3KPf1kmo0R5DoApeSGQ==}
    engines: {node: '>=0.10.0'}

  source-map@0.6.1:
    resolution: {integrity: sha512-UjgapumWlbMhkBgzT7Ykc5YXUT46F0iKu8SGXq0bcwP5dz/h0Plj6enJqjz1Zbq2l5WaqYnrVbwWOWMyF3F47g==}
    engines: {node: '>=0.10.0'}

  string_decoder@1.1.1:
    resolution: {integrity: sha512-n/ShnvDi6FHbbVfviro+WojiFzv+s8MPMHBczVePfUpDJLwoLT0ht1l4YwBCbi8pJAveEEdnkHyPyTP/mzRfwg==}

  strip-bom@3.0.0:
    resolution: {integrity: sha512-vavAMRXOgBVNF6nyEEmL3DBK19iRpDcoIwW+swQ+CbGiu7lju6t+JklA1MHweoWtadgt4ISVUsXLyDq34ddcwA==}
    engines: {node: '>=4'}

  strip-json-comments@2.0.1:
    resolution: {integrity: sha512-4gB8na07fecVVkOI6Rs4e7T6NOTki5EmL7TUduTs6bu3EdnSycntVJ4re8kgZA+wx9IueI2Y11bfbgwtzuE0KQ==}
    engines: {node: '>=0.10.0'}

  supports-color@5.5.0:
    resolution: {integrity: sha512-QjVjwdXIt408MIiAqCX4oUKsgU2EqAGzs2Ppkm4aQYbjm+ZEWEcW4SfFNTr4uMNZma0ey4f5lgLrkB0aX0QMow==}
    engines: {node: '>=4'}

  supports-color@7.2.0:
    resolution: {integrity: sha512-qpCAvRl9stuOHveKsn7HncJRvv501qIacKzQlO/+Lwxc9+0q2wLyv4Dfvt80/DPn2pqOBsJdDiogXGR9+OvwRw==}
    engines: {node: '>=8'}

  tapable@0.2.9:
    resolution: {integrity: sha512-2wsvQ+4GwBvLPLWsNfLCDYGsW6xb7aeC6utq2Qh0PFwgEy7K7dsma9Jsmb2zSQj7GvYAyUGSntLtsv++GmgL1A==}
    engines: {node: '>=0.6'}

  through@2.3.8:
    resolution: {integrity: sha512-w89qg7PI8wAdvX60bMDP+bFoD5Dvhm9oLheFp5O4a2QF0cSBGsBX4qZmadPMvVqlLJBBci+WqGGOAPvcDeNSVg==}

  to-regex-range@5.0.1:
    resolution: {integrity: sha512-65P7iz6X5yEr1cwcgvQxbbIw7Uk3gOy5dIdtZ4rDveLqhrdJP+Li/Hx6tyK0NEb+2GCyneCMJiGqrADCSNk8sQ==}
    engines: {node: '>=8.0'}

  tree-kill@1.2.2:
    resolution: {integrity: sha512-L0Orpi8qGpRG//Nd+H90vFB+3iHnue1zSSGmNOOCh1GLJ7rUKVwV2HvijphGQS2UmhUZewS9VgvxYIdgr+fG1A==}
    hasBin: true

  ts-loader@3.1.1:
    resolution: {integrity: sha512-AQmLFSIgTiR8AlS5BxqvoHpZ3OUTwHHuDZTAZ2KcKsYRz/yANGeQn4Se/DCQ4cn1/eVvN37f/caVW4+kUPNNHw==}
    engines: {node: '>=4.3.0 <5.0.0 || >=5.10'}

  ts-node@4.0.1:
    resolution: {integrity: sha512-F9AHAfL7QO+W8QPnEY4dzjCV2RPDK76mzYkQVB/7BuGOJWFxJgGezdyvCdtfVtE1QOOen3DnJONsenzIqIKqYQ==}
    engines: {node: '>=4.2.0'}
    hasBin: true

  tsconfig@7.0.0:
    resolution: {integrity: sha512-vZXmzPrL+EmC4T/4rVlT2jNVMWCi/O4DIiSj3UHg1OE5kCKbk4mfrXc6dZksLgRM/TZlKnousKH9bbTazUWRRw==}

  typescript@2.6.2:
    resolution: {integrity: sha512-L0QfAFYU8U/ucTqDptb0Hq67++OwqdSKDAAXmpaECxEkPOIpydxh4p0p9BRDG0kliZHFJBAWZDHR0nomxF/E7A==}
    engines: {node: '>=4.2.0'}
    hasBin: true

  ua-parser-js@0.7.38:
    resolution: {integrity: sha512-fYmIy7fKTSFAhG3fuPlubeGaMoAd6r0rSnfEsO5nEY55i26KSLt9EH7PLQiiqPUhNqYIJvSkTy1oArIcXAbPbA==}

  util-deprecate@1.0.2:
    resolution: {integrity: sha512-EPD5q1uXyFxJpCrLnCc1nHnq3gOa6DZBocAIiI2TaSCA7VCJ1UJDMagCzIkXNsUYfD1daK//LTEQ8xiIbrHtcw==}

  v8flags@3.2.0:
    resolution: {integrity: sha512-mH8etigqMfiGWdeXpaaqGfs6BndypxusHHcv2qSHyZkGEznCd/qAXCWWRzeowtL54147cktFOC4P5y+kl8d8Jg==}
    engines: {node: '>= 0.10'}

  whatwg-fetch@0.9.0:
    resolution: {integrity: sha512-DIuh7/cloHxHYwS/oRXGgkALYAntijL63nsgMQsNSnBj825AysosAqA2ZbYXGRqpPRiNH7335dTqV364euRpZw==}

  which@1.3.1:
    resolution: {integrity: sha512-HxJdYWq1MTIQbJ3nw0cqssHoTNU267KlrDuGZ1WYlxDStUtKUhOaJmh112/TZmHxxUfuJqPXSOm7tDyas0OSIQ==}
    hasBin: true

  wrappy@1.0.2:
    resolution: {integrity: sha512-l4Sp/DRseor9wL6EvV2+TuQn63dMkPjZ/sp9XkghTEbV9KlPS1xUsZ3u7/IQO4wxtcFB4bgpQPRcR3QCvezPcQ==}

  yn@2.0.0:
    resolution: {integrity: sha512-uTv8J/wiWTgUTg+9vLTi//leUl5vDQS6uii/emeTb2ssY7vl6QWf2fFbIIGjnhjvbdKlU0ed7QPgY1htTC86jQ==}
    engines: {node: '>=4'}

snapshots:

  '@blakeembrey/deque@1.0.5': {}

  '@types/arrify@1.0.4': {}

  '@types/diff@3.5.8': {}

  '@types/jquery@3.3.31':
    dependencies:
      '@types/sizzle': 2.3.8

  '@types/minimist@1.2.5': {}

  '@types/mkdirp@0.5.2':
    dependencies:
      '@types/node': 8.10.66

  '@types/node@8.10.66': {}

  '@types/react-dom@15.5.11':
    dependencies:
      '@types/react': 15.6.28

  '@types/react@15.6.28': {}

  '@types/sizzle@2.3.8': {}

  '@types/source-map-support@0.4.2':
    dependencies:
      '@types/node': 8.10.66

  '@types/strip-bom@3.0.0': {}

  '@types/strip-json-comments@0.0.30': {}

  '@types/v8flags@git+https://git@github.com:types/npm-v8flags.git#de224ae1cd5fd7dbb4e7158a6cc7a29e5315930d': {}

  '@types/yn@git+https://git@github.com:types/npm-yn.git#ca75f6c82940fae6a06fb41d2d37a6aa9b4ea8e9': {}

  acorn@5.7.4: {}

  amdefine@1.0.1: {}

  ansi-styles@3.2.1:
    dependencies:
      color-convert: 1.9.3

  anymatch@3.1.3:
    dependencies:
      normalize-path: 3.0.0
      picomatch: 2.3.1

  arrify@1.0.1: {}

  arrify@2.0.1: {}

  asap@2.0.6: {}

  ast-types@0.9.6: {}

  balanced-match@1.0.2: {}

  base62@1.2.8: {}

  big.js@5.2.2: {}

  binary-extensions@2.3.0: {}

  brace-expansion@1.1.11:
    dependencies:
      balanced-match: 1.0.2
      concat-map: 0.0.1

  braces@3.0.3:
    dependencies:
      fill-range: 7.1.1

  buffer-from@1.1.2: {}

  chalk@2.4.2:
    dependencies:
      ansi-styles: 3.2.1
      escape-string-regexp: 1.0.5
      supports-color: 5.5.0

  chokidar@3.6.0:
    dependencies:
      anymatch: 3.1.3
      braces: 3.0.3
      glob-parent: 5.1.2
      is-binary-path: 2.1.0
      is-glob: 4.0.3
      normalize-path: 3.0.0
      readdirp: 3.6.0
    optionalDependencies:
      fsevents: 2.3.3

  color-convert@1.9.3:
    dependencies:
      color-name: 1.1.3

  color-name@1.1.3: {}

  commander@2.20.3: {}

  commoner@0.10.8:
    dependencies:
      commander: 2.20.3
      detective: 4.7.1
      glob: 5.0.15
      graceful-fs: 4.2.11
      iconv-lite: 0.4.24
      mkdirp: 0.5.6
      private: 0.1.8
      q: 1.5.1
      recast: 0.11.23

  concat-map@0.0.1: {}

  core-js@1.2.7: {}

  core-util-is@1.0.3: {}

  cross-spawn@6.0.5:
    dependencies:
      nice-try: 1.0.5
      path-key: 2.0.1
      semver: 5.7.2
      shebang-command: 1.2.0
      which: 1.3.1

  defined@1.0.1: {}

  detective@4.7.1:
    dependencies:
      acorn: 5.7.4
      defined: 1.0.1

  diff@3.5.0: {}

  emojis-list@3.0.0: {}

  enhanced-resolve@3.4.1:
    dependencies:
      graceful-fs: 4.2.11
      memory-fs: 0.4.1
      object-assign: 4.1.1
      tapable: 0.2.9

  envify@3.4.1:
    dependencies:
      jstransform: 11.0.3
      through: 2.3.8

  errno@0.1.8:
    dependencies:
      prr: 1.0.1

  escape-string-regexp@1.0.5: {}

  esprima-fb@15001.1.0-dev-harmony-fb: {}

  esprima@3.1.3: {}

  fbjs@0.6.1:
    dependencies:
      core-js: 1.2.7
      loose-envify: 1.4.0
      promise: 7.3.1
      ua-parser-js: 0.7.38
      whatwg-fetch: 0.9.0

  fill-range@7.1.1:
    dependencies:
      to-regex-range: 5.0.1

  fsevents@2.3.3:
    optional: true

  glob-parent@5.1.2:
    dependencies:
      is-glob: 4.0.3

  glob@5.0.15:
    dependencies:
      inflight: 1.0.6
      inherits: 2.0.4
      minimatch: 3.1.2
      once: 1.4.0
      path-is-absolute: 1.0.1

  graceful-fs@4.2.11: {}

  has-flag@3.0.0: {}

  has-flag@4.0.0: {}

  hoist-non-react-statics@2.5.5: {}

  homedir-polyfill@1.0.3:
    dependencies:
      parse-passwd: 1.0.0

  iconv-lite@0.4.24:
    dependencies:
      safer-buffer: 2.1.2

  ignore@5.3.1: {}

  inflight@1.0.6:
    dependencies:
      once: 1.4.0
      wrappy: 1.0.2

  inherits@2.0.4: {}

  is-binary-path@2.1.0:
    dependencies:
      binary-extensions: 2.3.0

  is-extglob@2.1.1: {}

  is-glob@4.0.3:
    dependencies:
      is-extglob: 2.1.1

  is-number@7.0.0: {}

  isarray@1.0.0: {}

  isexe@2.0.0: {}

  jquery@3.5.0: {}

  js-tokens@4.0.0: {}

  json5@1.0.2:
    dependencies:
      minimist: 1.2.8

  jstransform@11.0.3:
    dependencies:
      base62: 1.2.8
      commoner: 0.10.8
      esprima-fb: 15001.1.0-dev-harmony-fb
      object-assign: 2.1.1
      source-map: 0.4.4

  loader-utils@1.4.2:
    dependencies:
      big.js: 5.2.2
      emojis-list: 3.0.0
      json5: 1.0.2

  loose-envify@1.4.0:
    dependencies:
      js-tokens: 4.0.0

  make-error@1.3.6: {}

  memory-fs@0.4.1:
    dependencies:
      errno: 0.1.8
      readable-stream: 2.3.8

  minimatch@3.1.2:
    dependencies:
      brace-expansion: 1.1.11

  minimist@1.2.8: {}

  mkdirp@0.5.6:
    dependencies:
      minimist: 1.2.8

  mobx-react@4.3.5(mobx@3.4.1)(react@0.14.9):
    dependencies:
      hoist-non-react-statics: 2.5.5
      mobx: 3.4.1
      react: 0.14.9

  mobx@3.4.1: {}

  nice-try@1.0.5: {}

  normalize-path@3.0.0: {}

  object-assign@2.1.1: {}

  object-assign@4.1.1: {}

  once@1.4.0:
    dependencies:
      wrappy: 1.0.2

  onchange@6.1.0:
    dependencies:
      '@blakeembrey/deque': 1.0.5
      arrify: 2.0.1
      chokidar: 3.6.0
      cross-spawn: 6.0.5
      ignore: 5.3.1
      minimist: 1.2.8
      supports-color: 7.2.0
      tree-kill: 1.2.2

  parse-passwd@1.0.0: {}

  path-is-absolute@1.0.1: {}

  path-key@2.0.1: {}

  picomatch@2.3.1: {}

  prettier@1.19.1: {}

  private@0.1.8: {}

  process-nextick-args@2.0.1: {}

  promise@7.3.1:
    dependencies:
      asap: 2.0.6

  prr@1.0.1: {}

  q@1.5.1: {}

  react-dom@0.14.9(react@0.14.9):
    dependencies:
      react: 0.14.9

  react@0.14.9:
    dependencies:
      envify: 3.4.1
      fbjs: 0.6.1

  readable-stream@2.3.8:
    dependencies:
      core-util-is: 1.0.3
      inherits: 2.0.4
      isarray: 1.0.0
      process-nextick-args: 2.0.1
      safe-buffer: 5.1.2
      string_decoder: 1.1.1
      util-deprecate: 1.0.2

  readdirp@3.6.0:
    dependencies:
      picomatch: 2.3.1

  recast@0.11.23:
    dependencies:
      ast-types: 0.9.6
      esprima: 3.1.3
      private: 0.1.8
      source-map: 0.5.7

  safe-buffer@5.1.2: {}

  safer-buffer@2.1.2: {}

  semver@5.7.2: {}

  shebang-command@1.2.0:
    dependencies:
      shebang-regex: 1.0.0

  shebang-regex@1.0.0: {}

  source-map-support@0.5.21:
    dependencies:
      buffer-from: 1.1.2
      source-map: 0.6.1

  source-map@0.4.4:
    dependencies:
      amdefine: 1.0.1

  source-map@0.5.7: {}

  source-map@0.6.1: {}

  string_decoder@1.1.1:
    dependencies:
      safe-buffer: 5.1.2

  strip-bom@3.0.0: {}

  strip-json-comments@2.0.1: {}

  supports-color@5.5.0:
    dependencies:
      has-flag: 3.0.0

  supports-color@7.2.0:
    dependencies:
      has-flag: 4.0.0

  tapable@0.2.9: {}

  through@2.3.8: {}

  to-regex-range@5.0.1:
    dependencies:
      is-number: 7.0.0

  tree-kill@1.2.2: {}

  ts-loader@3.1.1:
    dependencies:
      chalk: 2.4.2
      enhanced-resolve: 3.4.1
      loader-utils: 1.4.2
      semver: 5.7.2

  ts-node@4.0.1:
    dependencies:
      '@types/arrify': 1.0.4
      '@types/diff': 3.5.8
      '@types/minimist': 1.2.5
      '@types/mkdirp': 0.5.2
      '@types/node': 8.10.66
      '@types/source-map-support': 0.4.2
      '@types/v8flags': git+https://git@github.com:types/npm-v8flags.git#de224ae1cd5fd7dbb4e7158a6cc7a29e5315930d
      '@types/yn': git+https://git@github.com:types/npm-yn.git#ca75f6c82940fae6a06fb41d2d37a6aa9b4ea8e9
      arrify: 1.0.1
      chalk: 2.4.2
      diff: 3.5.0
      make-error: 1.3.6
      minimist: 1.2.8
      mkdirp: 0.5.6
      source-map-support: 0.5.21
      tsconfig: 7.0.0
      v8flags: 3.2.0
      yn: 2.0.0

  tsconfig@7.0.0:
    dependencies:
      '@types/strip-bom': 3.0.0
      '@types/strip-json-comments': 0.0.30
      strip-bom: 3.0.0
      strip-json-comments: 2.0.1

  typescript@2.6.2: {}

  ua-parser-js@0.7.38: {}

  util-deprecate@1.0.2: {}

  v8flags@3.2.0:
    dependencies:
      homedir-polyfill: 1.0.3

  whatwg-fetch@0.9.0: {}

  which@1.3.1:
    dependencies:
      isexe: 2.0.0

  wrappy@1.0.2: {}

  yn@2.0.0: {}
